// !$*UTF8*$!
{
	archiveVersion = 1;
	classes = {
	};
	objectVersion = 77;
	objects = {

/* Begin PBXBuildFile section */
		4151D81D2F91356E0016F6E7 /* README.md in Resources */ = {isa = PBXBuildFile; fileRef = 4151D81C2F9135630016F6E7 /* README.md */; };
/* End PBXBuildFile section */

/* Begin PBXContainerItemProxy section */
		4151D8002F9124C30016F6E7 /* PBXContainerItemProxy */ = {
			isa = PBXContainerItemProxy;
			containerPortal = 4151D7EA2F9124C10016F6E7 /* Project object */;
			proxyType = 1;
			remoteGlobalIDString = 4151D7F12F9124C10016F6E7;
			remoteInfo = Mangez;
		};
		4151D80A2F9124C30016F6E7 /* PBXContainerItemProxy */ = {
			isa = PBXContainerItemProxy;
			containerPortal = 4151D7EA2F9124C10016F6E7 /* Project object */;
			proxyType = 1;
			remoteGlobalIDString = 4151D7F12F9124C10016F6E7;
			remoteInfo = Mangez;
		};
/* End PBXContainerItemProxy section */

/* Begin PBXFileReference section */
		4151D7F22F9124C10016F6E7 /* Mangez.app */ = {isa = PBXFileReference; explicitFileType = wrapper.application; includeInIndex = 0; path = Mangez.app; sourceTree = BUILT_PRODUCTS_DIR; };
		4151D7FF2F9124C30016F6E7 /* MangezTests.xctest */ = {isa = PBXFileReference; explicitFileType = wrapper.cfbundle; includeInIndex = 0; path = MangezTests.xctest; sourceTree = BUILT_PRODUCTS_DIR; };
		4151D8092F9124C30016F6E7 /* MangezUITests.xctest */ = {isa = PBXFileReference; explicitFileType = wrapper.cfbundle; includeInIndex = 0; path = MangezUITests.xctest; sourceTree = BUILT_PRODUCTS_DIR; };
		4151D81C2F9135630016F6E7 /* README.md */ = {isa = PBXFileReference; lastKnownFileType = net.daringfireball.markdown; path = README.md; sourceTree = "<group>"; };
/* End PBXFileReference section */

/* Begin PBXFileSystemSynchronizedRootGroup section */
		4151D7F42F9124C10016F6E7 /* Mangez */ = {
			isa = PBXFileSystemSynchronizedRootGroup;
			path = Mangez;
			sourceTree = "<group>";
		};
		4151D8022F9124C30016F6E7 /* MangezTests */ = {
			isa = PBXFileSystemSynchronizedRootGroup;
			path = MangezTests;
			sourceTree = "<group>";
		};
		4151D80C2F9124C30016F6E7 /* MangezUITests */ = {
			isa = PBXFileSystemSynchronizedRootGroup;
			path = MangezUITests;
			sourceTree = "<group>";
		};
/* End PBXFileSystemSynchronizedRootGroup section */

/* Begin PBXFrameworksBuildPhase section */
		4151D7EF2F9124C10016F6E7 /* Frameworks */ = {
			isa = PBXFrameworksBuildPhase;
			buildActionMask = 2147483647;
			files = (
			);
			runOnlyForDeploymentPostprocessing = 0;
		};
		4151D7FC2F9124C30016F6E7 /* Frameworks */ = {
			isa = PBXFrameworksBuildPhase;
			buildActionMask = 2147483647;
			files = (
			);
			runOnlyForDeploymentPostprocessing = 0;
		};
		4151D8062F9124C30016F6E7 /* Frameworks */ = {
			isa = PBXFrameworksBuildPhase;
			buildActionMask = 2147483647;
			files = (
			);
			runOnlyForDeploymentPostprocessing = 0;
		};
/* End PBXFrameworksBuildPhase section */

/* Begin PBXGroup section */
		4151D7E92F9124C10016F6E7 = {
			isa = PBXGroup;
			children = (
				4151D7F42F9124C10016F6E7 /* Mangez */,
				4151D8022F9124C30016F6E7 /* MangezTests */,
				4151D80C2F9124C30016F6E7 /* MangezUITests */,
				4151D7F32F9124C10016F6E7 /* Products */,
				4151D81C2F9135630016F6E7 /* README.md */,
			);
			sourceTree = "<group>";
		};
		4151D7F32F9124C10016F6E7 /* Products */ = {
			isa = PBXGroup;
			children = (
				4151D7F22F9124C10016F6E7 /* Mangez.app */,
				4151D7FF2F9124C30016F6E7 /* MangezTests.xctest */,
				4151D8092F9124C30016F6E7 /* MangezUITests.xctest */,
			);
			name = Products;
			sourceTree = "<group>";
		};
/* End PBXGroup section */

/* Begin PBXNativeTarget section */
		4151D7F12F9124C10016F6E7 /* Mangez */ = {
			isa = PBXNativeTarget;
			buildConfigurationList = 4151D8132F9124C30016F6E7 /* Build configuration list for PBXNativeTarget "Mangez" */;
			buildPhases = (
				4151D7EE2F9124C10016F6E7 /* Sources */,
				4151D7EF2F9124C10016F6E7 /* Frameworks */,
				4151D7F02F9124C10016F6E7 /* Resources */,
			);
			buildRules = (
			);
			dependencies = (
			);
			fileSystemSynchronizedGroups = (
				4151D7F42F9124C10016F6E7 /* Mangez */,
			);
			name = Mangez;
			packageProductDependencies = (
			);
			productName = Mangez;
			productReference = 4151D7F22F9124C10016F6E7 /* Mangez.app */;
			productType = "com.apple.product-type.application";
		};
		4151D7FE2F9124C30016F6E7 /* MangezTests */ = {
			isa = PBXNativeTarget;
			buildConfigurationList = 4151D8162F9124C30016F6E7 /* Build configuration list for PBXNativeTarget "MangezTests" */;
			buildPhases = (
				4151D7FB2F9124C30016F6E7 /* Sources */,
				4151D7FC2F9124C30016F6E7 /* Frameworks */,
				4151D7FD2F9124C30016F6E7 /* Resources */,
			);
			buildRules = (
			);
			dependencies = (
				4151D8012F9124C30016F6E7 /* PBXTargetDependency */,
			);
			fileSystemSynchronizedGroups = (
				4151D8022F9124C30016F6E7 /* MangezTests */,
			);
			name = MangezTests;
			packageProductDependencies = (
			);
			productName = MangezTests;
			productReference = 4151D7FF2F9124C30016F6E7 /* MangezTests.xctest */;
			productType = "com.apple.product-type.bundle.unit-test";
		};
		4151D8082F9124C30016F6E7 /* MangezUITests */ = {
			isa = PBXNativeTarget;
			buildConfigurationList = 4151D8192F9124C30016F6E7 /* Build configuration list for PBXNativeTarget "MangezUITests" */;
			buildPhases = (
				4151D8052F9124C30016F6E7 /* Sources */,
				4151D8062F9124C30016F6E7 /* Frameworks */,
				4151D8072F9124C30016F6E7 /* Resources */,
			);
			buildRules = (
			);
			dependencies = (
				4151D80B2F9124C30016F6E7 /* PBXTargetDependency */,
			);
			fileSystemSynchronizedGroups = (
				4151D80C2F9124C30016F6E7 /* MangezUITests */,
			);
			name = MangezUITests;
			packageProductDependencies = (
			);
			productName = MangezUITests;
			productReference = 4151D8092F9124C30016F6E7 /* MangezUITests.xctest */;
			productType = "com.apple.product-type.bundle.ui-testing";
		};
/* End PBXNativeTarget section */

/* Begin PBXProject section */
		4151D7EA2F9124C10016F6E7 /* Project object */ = {
			isa = PBXProject;
			attributes = {
				BuildIndependentTargetsInParallel = 1;
				LastSwiftUpdateCheck = 1630;
				LastUpgradeCheck = 1630;
				TargetAttributes = {
					4151D7F12F9124C10016F6E7 = {
						CreatedOnToolsVersion = 16.3;
					};
					4151D7FE2F9124C30016F6E7 = {
						CreatedOnToolsVersion = 16.3;
						TestTargetID = 4151D7F12F9124C10016F6E7;
					};
					4151D8082F9124C30016F6E7 = {
						CreatedOnToolsVersion = 16.3;
						TestTargetID = 4151D7F12F9124C10016F6E7;
					};
				};
			};
			buildConfigurationList = 4151D7ED2F9124C10016F6E7 /* Build configuration list for PBXProject "Mangez" */;
			developmentRegion = en;
			hasScannedForEncodings = 0;
			knownRegions = (
				en,
				Base,
			);
			mainGroup = 4151D7E92F9124C10016F6E7;
			minimizedProjectReferenceProxies = 1;
			preferredProjectObjectVersion = 77;
			productRefGroup = 4151D7F32F9124C10016F6E7 /* Products */;
			projectDirPath = "";
			projectRoot = "";
			targets = (
				4151D7F12F9124C10016F6E7 /* Mangez */,
				4151D7FE2F9124C30016F6E7 /* MangezTests */,
				4151D8082F9124C30016F6E7 /* MangezUITests */,
			);
		};
/* End PBXProject section */

/* Begin PBXResourcesBuildPhase section */
		4151D7F02F9124C10016F6E7 /* Resources */ = {
			isa = PBXResourcesBuildPhase;
			buildActionMask = 2147483647;
			files = (
				4151D81D2F91356E0016F6E7 /* README.md in Resources */,
			);
			runOnlyForDeploymentPostprocessing = 0;
		};
		4151D7FD2F9124C30016F6E7 /* Resources */ = {
			isa = PBXResourcesBuildPhase;
			buildActionMask = 2147483647;
			files = (
			);
			runOnlyForDeploymentPostprocessing = 0;
		};
		4151D8072F9124C30016F6E7 /* Resources */ = {
			isa = PBXResourcesBuildPhase;
			buildActionMask = 2147483647;
			files = (
			);
			runOnlyForDeploymentPostprocessing = 0;
		};
/* End PBXResourcesBuildPhase section */

/* Begin PBXSourcesBuildPhase section */
		4151D7EE2F9124C10016F6E7 /* Sources */ = {
			isa = PBXSourcesBuildPhase;
			buildActionMask = 2147483647;
			files = (
			);
			runOnlyForDeploymentPostprocessing = 0;
		};
		4151D7FB2F9124C30016F6E7 /* Sources */ = {
			isa = PBXSourcesBuildPhase;
			buildActionMask = 2147483647;
			files = (
			);
			runOnlyForDeploymentPostprocessing = 0;
		};
		4151D8052F9124C30016F6E7 /* Sources */ = {
			isa = PBXSourcesBuildPhase;
			buildActionMask = 2147483647;
			files = (
			);
			runOnlyForDeploymentPostprocessing = 0;
		};
/* End PBXSourcesBuildPhase section */

/* Begin PBXTargetDependency section */
		4151D8012F9124C30016F6E7 /* PBXTargetDependency */ = {
			isa = PBXTargetDependency;
			target = 4151D7F12F9124C10016F6E7 /* Mangez */;
			targetProxy = 4151D8002F9124C30016F6E7 /* PBXContainerItemProxy */;
		};
		4151D80B2F9124C30016F6E7 /* PBXTargetDependency */ = {
			isa = PBXTargetDependency;
			target = 4151D7F12F9124C10016F6E7 /* Mangez */;
			targetProxy = 4151D80A2F9124C30016F6E7 /* PBXContainerItemProxy */;
		};
/* End PBXTargetDependency section */

/* Begin XCBuildConfiguration section */
		4151D8112F9124C30016F6E7 /* Debug */ = {
			isa = XCBuildConfiguration;
			buildSettings = {
				ALWAYS_SEARCH_USER_PATHS = NO;
				ASSETCATALOG_COMPILER_GENERATE_SWIFT_ASSET_SYMBOL_EXTENSIONS = YES;
				CLANG_ANALYZER_NONNULL = YES;
				CLANG_ANALYZER_NUMBER_OBJECT_CONVERSION = YES_AGGRESSIVE;
				CLANG_CXX_LANGUAGE_STANDARD = "gnu++20";
				CLANG_ENABLE_MODULES = YES;
				CLANG_ENABLE_OBJC_ARC = YES;
				CLANG_ENABLE_OBJC_WEAK = YES;
				CLANG_WARN_BLOCK_CAPTURE_AUTORELEASING = YES;
				CLANG_WARN_BOOL_CONVERSION = YES;
				CLANG_WARN_COMMA = YES;
				CLANG_WARN_CONSTANT_CONVERSION = YES;
				CLANG_WARN_DEPRECATED_OBJC_IMPLEMENTATIONS = YES;
				CLANG_WARN_DIRECT_OBJC_ISA_USAGE = YES_ERROR;
				CLANG_WARN_DOCUMENTATION_COMMENTS = YES;
				CLANG_WARN_EMPTY_BODY = YES;
				CLANG_WARN_ENUM_CONVERSION = YES;
				CLANG_WARN_INFINITE_RECURSION = YES;
				CLANG_WARN_INT_CONVERSION = YES;
				CLANG_WARN_NON_LITERAL_NULL_CONVERSION = YES;
				CLANG_WARN_OBJC_IMPLICIT_RETAIN_SELF = YES;
				CLANG_WARN_OBJC_LITERAL_CONVERSION = YES;
				CLANG_WARN_OBJC_ROOT_CLASS = YES_ERROR;
				CLANG_WARN_QUOTED_INCLUDE_IN_FRAMEWORK_HEADER = YES;
				CLANG_WARN_RANGE_LOOP_ANALYSIS = YES;
				CLANG_WARN_STRICT_PROTOTYPES = YES;
				CLANG_WARN_SUSPICIOUS_MOVE = YES;
				CLANG_WARN_UNGUARDED_AVAILABILITY = YES_AGGRESSIVE;
				CLANG_WARN_UNREACHABLE_CODE = YES;
				CLANG_WARN__DUPLICATE_METHOD_MATCH = YES;
				COPY_PHASE_STRIP = NO;
				DEBUG_INFORMATION_FORMAT = dwarf;
				ENABLE_STRICT_OBJC_MSGSEND = YES;
				ENABLE_TESTABILITY = YES;
				ENABLE_USER_SCRIPT_SANDBOXING = YES;
				GCC_C_LANGUAGE_STANDARD = gnu17;
				GCC_DYNAMIC_NO_PIC = NO;
				GCC_NO_COMMON_BLOCKS = YES;
				GCC_OPTIMIZATION_LEVEL = 0;
				GCC_PREPROCESSOR_DEFINITIONS = (
					"DEBUG=1",
					"$(inherited)",
				);
				GCC_WARN_64_TO_32_BIT_CONVERSION = YES;
				GCC_WARN_ABOUT_RETURN_TYPE = YES_ERROR;
				GCC_WARN_UNDECLARED_SELECTOR = YES;
				GCC_WARN_UNINITIALIZED_AUTOS = YES_AGGRESSIVE;
				GCC_WARN_UNUSED_FUNCTION = YES;
				GCC_WARN_UNUSED_VARIABLE = YES;
				IPHONEOS_DEPLOYMENT_TARGET = 18.4;
				LOCALIZATION_PREFERS_STRING_CATALOGS = YES;
				MTL_ENABLE_DEBUG_INFO = INCLUDE_SOURCE;
				MTL_FAST_MATH = YES;
				ONLY_ACTIVE_ARCH = YES;
				SDKROOT = iphoneos;
				SWIFT_ACTIVE_COMPILATION_CONDITIONS = "DEBUG $(inherited)";
				SWIFT_OPTIMIZATION_LEVEL = "-Onone";
			};
			name = Debug;
		};
		4151D8122F9124C30016F6E7 /* Release */ = {
			isa = XCBuildConfiguration;
			buildSettings = {
				ALWAYS_SEARCH_USER_PATHS = NO;
				ASSETCATALOG_COMPILER_GENERATE_SWIFT_ASSET_SYMBOL_EXTENSIONS = YES;
				CLANG_ANALYZER_NONNULL = YES;
				CLANG_ANALYZER_NUMBER_OBJECT_CONVERSION = YES_AGGRESSIVE;
				CLANG_CXX_LANGUAGE_STANDARD = "gnu++20";
				CLANG_ENABLE_MODULES = YES;
				CLANG_ENABLE_OBJC_ARC = YES;
				CLANG_ENABLE_OBJC_WEAK = YES;
				CLANG_WARN_BLOCK_CAPTURE_AUTORELEASING = YES;
				CLANG_WARN_BOOL_CONVERSION = YES;
				CLANG_WARN_COMMA = YES;
				CLANG_WARN_CONSTANT_CONVERSION = YES;
				CLANG_WARN_DEPRECATED_OBJC_IMPLEMENTATIONS = YES;
				CLANG_WARN_DIRECT_OBJC_ISA_USAGE = YES_ERROR;
				CLANG_WARN_DOCUMENTATION_COMMENTS = YES;
				CLANG_WARN_EMPTY_BODY = YES;
				CLANG_WARN_ENUM_CONVERSION = YES;
				CLANG_WARN_INFINITE_RECURSION = YES;
				CLANG_WARN_INT_CONVERSION = YES;
				CLANG_WARN_NON_LITERAL_NULL_CONVERSION = YES;
				CLANG_WARN_OBJC_IMPLICIT_RETAIN_SELF = YES;
				CLANG_WARN_OBJC_LITERAL_CONVERSION = YES;
				CLANG_WARN_OBJC_ROOT_CLASS = YES_ERROR;
				CLANG_WARN_QUOTED_INCLUDE_IN_FRAMEWORK_HEADER = YES;
				CLANG_WARN_RANGE_LOOP_ANALYSIS = YES;
				CLANG_WARN_STRICT_PROTOTYPES = YES;
				CLANG_WARN_SUSPICIOUS_MOVE = YES;
				CLANG_WARN_UNGUARDED_AVAILABILITY = YES_AGGRESSIVE;
				CLANG_WARN_UNREACHABLE_CODE = YES;
				CLANG_WARN__DUPLICATE_METHOD_MATCH = YES;
				COPY_PHASE_STRIP = NO;
				DEBUG_INFORMATION_FORMAT = "dwarf-with-dsym";
				ENABLE_NS_ASSERTIONS = NO;
				ENABLE_STRICT_OBJC_MSGSEND = YES;
				ENABLE_USER_SCRIPT_SANDBOXING = YES;
				GCC_C_LANGUAGE_STANDARD = gnu17;
				GCC_NO_COMMON_BLOCKS = YES;
				GCC_WARN_64_TO_32_BIT_CONVERSION = YES;
				GCC_WARN_ABOUT_RETURN_TYPE = YES_ERROR;
				GCC_WARN_UNDECLARED_SELECTOR = YES;
				GCC_WARN_UNINITIALIZED_AUTOS = YES_AGGRESSIVE;
				GCC_WARN_UNUSED_FUNCTION = YES;
				GCC_WARN_UNUSED_VARIABLE = YES;
				IPHONEOS_DEPLOYMENT_TARGET = 18.4;
				LOCALIZATION_PREFERS_STRING_CATALOGS = YES;
				MTL_ENABLE_DEBUG_INFO = NO;
				MTL_FAST_MATH = YES;
				SDKROOT = iphoneos;
				SWIFT_COMPILATION_MODE = wholemodule;
				VALIDATE_PRODUCT = YES;
			};
			name = Release;
		};
		4151D8142F9124C30016F6E7 /* Debug */ = {
			isa = XCBuildConfiguration;
			buildSettings = {
				ASSETCATALOG_COMPILER_APPICON_NAME = AppIcon;
				ASSETCATALOG_COMPILER_GLOBAL_ACCENT_COLOR_NAME = AccentColor;
				CODE_SIGN_STYLE = Automatic;
				CURRENT_PROJECT_VERSION = 1;
				ENABLE_PREVIEWS = YES;
				GENERATE_INFOPLIST_FILE = YES;
				INFOPLIST_KEY_UIApplicationSceneManifest_Generation = YES;
				INFOPLIST_KEY_UIApplicationSupportsIndirectInputEvents = YES;
				INFOPLIST_KEY_UILaunchScreen_Generation = YES;
				INFOPLIST_KEY_UISupportedInterfaceOrientations_iPad = "UIInterfaceOrientationPortrait UIInterfaceOrientationPortraitUpsideDown UIInterfaceOrientationLandscapeLeft UIInterfaceOrientationLandscapeRight";
				INFOPLIST_KEY_UISupportedInterfaceOrientations_iPhone = "UIInterfaceOrientationPortrait UIInterfaceOrientationLandscapeLeft UIInterfaceOrientationLandscapeRight";
				LD_RUNPATH_SEARCH_PATHS = (
					"$(inherited)",
					"@executable_path/Frameworks",
				);
				MARKETING_VERSION = 1.0;
				PRODUCT_BUNDLE_IDENTIFIER = IsabellaWhite.Mangez;
				PRODUCT_NAME = "$(TARGET_NAME)";
				SWIFT_EMIT_LOC_STRINGS = YES;
				SWIFT_VERSION = 5.0;
				TARGETED_DEVICE_FAMILY = "1,2";
			};
			name = Debug;
		};
		4151D8152F9124C30016F6E7 /* Release */ = {
			isa = XCBuildConfiguration;
			buildSettings = {
				ASSETCATALOG_COMPILER_APPICON_NAME = AppIcon;
				ASSETCATALOG_COMPILER_GLOBAL_ACCENT_COLOR_NAME = AccentColor;
				CODE_SIGN_STYLE = Automatic;
				CURRENT_PROJECT_VERSION = 1;
				ENABLE_PREVIEWS = YES;
				GENERATE_INFOPLIST_FILE = YES;
				INFOPLIST_KEY_UIApplicationSceneManifest_Generation = YES;
				INFOPLIST_KEY_UIApplicationSupportsIndirectInputEvents = YES;
				INFOPLIST_KEY_UILaunchScreen_Generation = YES;
				INFOPLIST_KEY_UISupportedInterfaceOrientations_iPad = "UIInterfaceOrientationPortrait UIInterfaceOrientationPortraitUpsideDown UIInterfaceOrientationLandscapeLeft UIInterfaceOrientationLandscapeRight";
				INFOPLIST_KEY_UISupportedInterfaceOrientations_iPhone = "UIInterfaceOrientationPortrait UIInterfaceOrientationLandscapeLeft UIInterfaceOrientationLandscapeRight";
				LD_RUNPATH_SEARCH_PATHS = (
					"$(inherited)",
					"@executable_path/Frameworks",
				);
				MARKETING_VERSION = 1.0;
				PRODUCT_BUNDLE_IDENTIFIER = IsabellaWhite.Mangez;
				PRODUCT_NAME = "$(TARGET_NAME)";
				SWIFT_EMIT_LOC_STRINGS = YES;
				SWIFT_VERSION = 5.0;
				TARGETED_DEVICE_FAMILY = "1,2";
			};
			name = Release;
		};
		4151D8172F9124C30016F6E7 /* Debug */ = {
			isa = XCBuildConfiguration;
			buildSettings = {
				BUNDLE_LOADER = "$(TEST_HOST)";
				CODE_SIGN_STYLE = Automatic;
				CURRENT_PROJECT_VERSION = 1;
				GENERATE_INFOPLIST_FILE = YES;
				IPHONEOS_DEPLOYMENT_TARGET = 18.4;
				MARKETING_VERSION = 1.0;
				PRODUCT_BUNDLE_IDENTIFIER = IsabellaWhite.MangezTests;
				PRODUCT_NAME = "$(TARGET_NAME)";
				SWIFT_EMIT_LOC_STRINGS = NO;
				SWIFT_VERSION = 5.0;
				TARGETED_DEVICE_FAMILY = "1,2";
				TEST_HOST = "$(BUILT_PRODUCTS_DIR)/Mangez.app/$(BUNDLE_EXECUTABLE_FOLDER_PATH)/Mangez";
			};
			name = Debug;
		};
		4151D8182F9124C30016F6E7 /* Release */ = {
			isa = XCBuildConfiguration;
			buildSettings = {
				BUNDLE_LOADER = "$(TEST_HOST)";
				CODE_SIGN_STYLE = Automatic;
				CURRENT_PROJECT_VERSION = 1;
				GENERATE_INFOPLIST_FILE = YES;
				IPHONEOS_DEPLOYMENT_TARGET = 18.4;
				MARKETING_VERSION = 1.0;
				PRODUCT_BUNDLE_IDENTIFIER = IsabellaWhite.MangezTests;
				PRODUCT_NAME = "$(TARGET_NAME)";
				SWIFT_EMIT_LOC_STRINGS = NO;
				SWIFT_VERSION = 5.0;
				TARGETED_DEVICE_FAMILY = "1,2";
				TEST_HOST = "$(BUILT_PRODUCTS_DIR)/Mangez.app/$(BUNDLE_EXECUTABLE_FOLDER_PATH)/Mangez";
			};
			name = Release;
		};
		4151D81A2F9124C30016F6E7 /* Debug */ = {
			isa = XCBuildConfiguration;
			buildSettings = {
				CODE_SIGN_STYLE = Automatic;
				CURRENT_PROJECT_VERSION = 1;
				GENERATE_INFOPLIST_FILE = YES;
				MARKETING_VERSION = 1.0;
				PRODUCT_BUNDLE_IDENTIFIER = IsabellaWhite.MangezUITests;
				PRODUCT_NAME = "$(TARGET_NAME)";
				SWIFT_EMIT_LOC_STRINGS = NO;
				SWIFT_VERSION = 5.0;
				TARGETED_DEVICE_FAMILY = "1,2";
				TEST_TARGET_NAME = Mangez;
			};
			name = Debug;
		};
		4151D81B2F9124C30016F6E7 /* Release */ = {
			isa = XCBuildConfiguration;
			buildSettings = {
				CODE_SIGN_STYLE = Automatic;
				CURRENT_PROJECT_VERSION = 1;
				GENERATE_INFOPLIST_FILE = YES;
				MARKETING_VERSION = 1.0;
				PRODUCT_BUNDLE_IDENTIFIER = IsabellaWhite.MangezUITests;
				PRODUCT_NAME = "$(TARGET_NAME)";
				SWIFT_EMIT_LOC_STRINGS = NO;
				SWIFT_VERSION = 5.0;
				TARGETED_DEVICE_FAMILY = "1,2";
				TEST_TARGET_NAME = Mangez;
			};
			name = Release;
		};
/* End XCBuildConfiguration section */

/* Begin XCConfigurationList section */
		4151D7ED2F9124C10016F6E7 /* Build configuration list for PBXProject "Mangez" */ = {
			isa = XCConfigurationList;
			buildConfigurations = (
				4151D8112F9124C30016F6E7 /* Debug */,
				4151D8122F9124C30016F6E7 /* Release */,
			);
			defaultConfigurationIsVisible = 0;
			defaultConfigurationName = Release;
		};
		4151D8132F9124C30016F6E7 /* Build configuration list for PBXNativeTarget "Mangez" */ = {
			isa = XCConfigurationList;
			buildConfigurations = (
				4151D8142F9124C30016F6E7 /* Debug */,
				4151D8152F9124C30016F6E7 /* Release */,
			);
			defaultConfigurationIsVisible = 0;
			defaultConfigurationName = Release;
		};
		4151D8162F9124C30016F6E7 /* Build configuration list for PBXNativeTarget "MangezTests" */ = {
			isa = XCConfigurationList;
			buildConfigurations = (
				4151D8172F9124C30016F6E7 /* Debug */,
				4151D8182F9124C30016F6E7 /* Release */,
			);
			defaultConfigurationIsVisible = 0;
			defaultConfigurationName = Release;
		};
		4151D8192F9124C30016F6E7 /* Build configuration list for PBXNativeTarget "MangezUITests" */ = {
			isa = XCConfigurationList;
			buildConfigurations = (
				4151D81A2F9124C30016F6E7 /* Debug */,
				4151D81B2F9124C30016F6E7 /* Release */,
			);
			defaultConfigurationIsVisible = 0;
			defaultConfigurationName = Release;
		};
/* End XCConfigurationList section */
	};
	rootObject = 4151D7EA2F9124C10016F6E7 /* Project object */;
}
